
Microsoft Visual Studio Solution File, Format Version 12.00
# Visual Studio 16
Project("{FAE04EC0-301F-11D3-BF4B-00C04F79EFBC}") = "Assembly-CSharp", "Assembly-CSharp.csproj", "{39F2029C-B733-0BFD-6CD2-2754AD3D3639}"
EndProject
Project("{FAE04EC0-301F-11D3-BF4B-00C04F79EFBC}") = "Assembly-CSharp-firstpass", "Assembly-CSharp-firstpass.csproj", "{E9814DE4-9E16-111C-5A0D-01566307ACCF}"
EndProject
Project("{FAE04EC0-301F-11D3-BF4B-00C04F79EFBC}") = "Assembly-CSharp-Editor", "Assembly-CSharp-Editor.csproj", "{D7FD44EE-A489-E016-543F-61C1BD7B47BA}"
EndProject
Global
	GlobalSection(SolutionConfigurationPlatforms) = preSolution
		Debug|Any CPU = Debug|Any CPU
		Release|Any CPU = Release|Any CPU
	EndGlobalSection
	GlobalSection(ProjectConfigurationPlatforms) = postSolution
		{39F2029C-B733-0BFD-6CD2-2754AD3D3639}.Debug|Any CPU.ActiveCfg = Debug|Any CPU
		{39F2029C-B733-0BFD-6CD2-2754AD3D3639}.Debug|Any CPU.Build.0 = Debug|Any CPU
		{39F2029C-B733-0BFD-6CD2-2754AD3D3639}.Release|Any CPU.ActiveCfg = Release|Any CPU
		{39F2029C-B733-0BFD-6CD2-2754AD3D3639}.Release|Any CPU.Build.0 = Release|Any CPU
		{E9814DE4-9E16-111C-5A0D-01566307ACCF}.Debug|Any CPU.ActiveCfg = Debug|Any CPU
		{E9814DE4-9E16-111C-5A0D-01566307ACCF}.Debug|Any CPU.Build.0 = Debug|Any CPU
		{E9814DE4-9E16-111C-5A0D-01566307ACCF}.Release|Any CPU.ActiveCfg = Release|Any CPU
		{E9814DE4-9E16-111C-5A0D-01566307ACCF}.Release|Any CPU.Build.0 = Release|Any CPU
		{D7FD44EE-A489-E016-543F-61C1BD7B47BA}.Debug|Any CPU.ActiveCfg = Debug|Any CPU
		{D7FD44EE-A489-E016-543F-61C1BD7B47BA}.Debug|Any CPU.Build.0 = Debug|Any CPU
		{D7FD44EE-A489-E016-543F-61C1BD7B47BA}.Release|Any CPU.ActiveCfg = Release|Any CPU
		{D7FD44EE-A489-E016-543F-61C1BD7B47BA}.Release|Any CPU.Build.0 = Release|Any CPU
	EndGlobalSection
	GlobalSection(SolutionProperties) = preSolution
		HideSolutionNode = FALSE
	EndGlobalSection
EndGlobal
